
Microsoft Visual Studio Solution File, Format Version 12.00
# Visual Studio Version 16
VisualStudioVersion = 16.0.31112.23
MinimumVisualStudioVersion = 10.0.40219.1
Project("{FAE04EC0-301F-11D3-BF4B-00C04F79EFBC}") = "FirstProj", "FirstProj\FirstProj.csproj", "{C7ADC32E-1CD8-43C1-8E4B-D0645CC6EEDD}"
EndProject
Global
	GlobalSection(SolutionConfigurationPlatforms) = preSolution
		Debug|Any CPU = Debug|Any CPU
		Release|Any CPU = Release|Any CPU
	EndGlobalSection
	GlobalSection(ProjectConfigurationPlatforms) = postSolution
		{C7ADC32E-1CD8-43C1-8E4B-D0645CC6EEDD}.Debug|Any CPU.ActiveCfg = Debug|Any CPU
		{C7ADC32E-1CD8-43C1-8E4B-D0645CC6EEDD}.Debug|Any CPU.Build.0 = Debug|Any CPU
		{C7ADC32E-1CD8-43C1-8E4B-D0645CC6EEDD}.Release|Any CPU.ActiveCfg = Release|Any CPU
		{C7ADC32E-1CD8-43C1-8E4B-D0645CC6EEDD}.Release|Any CPU.Build.0 = Release|Any CPU
	EndGlobalSection
	GlobalSection(SolutionProperties) = preSolution
		HideSolutionNode = FALSE
	EndGlobalSection
	GlobalSection(ExtensibilityGlobals) = postSolution
		SolutionGuid = {2A8193B0-1EEC-4581-B14F-41AB200B4240}
	EndGlobalSection
EndGlobal
